
Microsoft Visual Studio Solution File, Format Version 12.00
# Visual Studio 14
VisualStudioVersion = 14.0.23107.0
MinimumVisualStudioVersion = 10.0.40219.1
Project("{FAE04EC0-301F-11D3-BF4B-00C04F79EFBC}") = "Deluty.LojaVirtual.Dominio", "Deluty.LojaVirtual.Dominio\Deluty.LojaVirtual.Dominio.csproj", "{AFFCA7E8-CC5D-4B80-AE7E-8E0DEF5A96CF}"
EndProject
Project("{FAE04EC0-301F-11D3-BF4B-00C04F79EFBC}") = "Deluty.LojaVirtual.Web", "Deluty.LojaVirtual.Web\Deluty.LojaVirtual.Web.csproj", "{9F605119-B2A0-4420-81DB-5073BF0C5353}"
EndProject
Project("{FAE04EC0-301F-11D3-BF4B-00C04F79EFBC}") = "Deluty.LojaVirtual.UnitTest", "Deluty.LojaVirtual.UnitTest\Deluty.LojaVirtual.UnitTest.csproj", "{CE2D63D5-2F26-4B5E-87E7-C2A6472C31F8}"
EndProject
Global
	GlobalSection(SolutionConfigurationPlatforms) = preSolution
		Debug|Any CPU = Debug|Any CPU
		Release|Any CPU = Release|Any CPU
	EndGlobalSection
	GlobalSection(ProjectConfigurationPlatforms) = postSolution
		{AFFCA7E8-CC5D-4B80-AE7E-8E0DEF5A96CF}.Debug|Any CPU.ActiveCfg = Debug|Any CPU
		{AFFCA7E8-CC5D-4B80-AE7E-8E0DEF5A96CF}.Debug|Any CPU.Build.0 = Debug|Any CPU
		{AFFCA7E8-CC5D-4B80-AE7E-8E0DEF5A96CF}.Release|Any CPU.ActiveCfg = Release|Any CPU
		{AFFCA7E8-CC5D-4B80-AE7E-8E0DEF5A96CF}.Release|Any CPU.Build.0 = Release|Any CPU
		{9F605119-B2A0-4420-81DB-5073BF0C5353}.Debug|Any CPU.ActiveCfg = Debug|Any CPU
		{9F605119-B2A0-4420-81DB-5073BF0C5353}.Debug|Any CPU.Build.0 = Debug|Any CPU
		{9F605119-B2A0-4420-81DB-5073BF0C5353}.Release|Any CPU.ActiveCfg = Release|Any CPU
		{9F605119-B2A0-4420-81DB-5073BF0C5353}.Release|Any CPU.Build.0 = Release|Any CPU
		{CE2D63D5-2F26-4B5E-87E7-C2A6472C31F8}.Debug|Any CPU.ActiveCfg = Debug|Any CPU
		{CE2D63D5-2F26-4B5E-87E7-C2A6472C31F8}.Debug|Any CPU.Build.0 = Debug|Any CPU
		{CE2D63D5-2F26-4B5E-87E7-C2A6472C31F8}.Release|Any CPU.ActiveCfg = Release|Any CPU
		{CE2D63D5-2F26-4B5E-87E7-C2A6472C31F8}.Release|Any CPU.Build.0 = Release|Any CPU
	EndGlobalSection
	GlobalSection(SolutionProperties) = preSolution
		HideSolutionNode = FALSE
	EndGlobalSection
EndGlobal
